# THIS IS AN AUTOGENERATED FILE. DO NOT EDIT THIS FILE DIRECTLY.
# yarn lockfile v1


cpplint.js@2.0.0:
  version "2.0.0"
  resolved "https://registry.yarnpkg.com/cpplint.js/-/cpplint.js-2.0.0.tgz#ae9ffee979f9664e26e8dc3f19c0c909b06520dd"
  integrity sha512-3TSWnNbac6XHvbUQcbNILJxMG1EifICmLmc2ZtUWjT5KWsvrIpSbC+BLrM5wAYsc5mFAMI5buFtV47bLuR0qsw==
  dependencies:
    detect-python-interpreter "^1.0.0"

detect-python-interpreter@^1.0.0:
  version "1.0.0"
  resolved "https://registry.yarnpkg.com/detect-python-interpreter/-/detect-python-interpreter-1.0.0.tgz#c281135be822ea8b93a415c463783bf3ff38bd4f"
  integrity sha512-fp/4GkvdS3GOeh31EeMvOpI4uVIIBqxdKD78+47aBLEAVE5QKX3i7ireWy9LnWAOWHG8rY/cczrYaQVRyMxqcg==

tapsert@2.0.0:
  version "2.0.0"
  resolved "https://registry.yarnpkg.com/tapsert/-/tapsert-2.0.0.tgz#b4b45d6a75b0ddef7ddf22b730d95234797a73c0"
  integrity sha512-y685afod99OHrd4B0DnikjDjNG/fUnyt0musnUrIEImuLl75smjJ4OT0yufkE4N4KVNQkXa5yCRc2pdB+szELg==
